# This file is automatically @generated by Cargo.
# It is not intended for manual editing.
version = 4

[[package]]
name = "gitflux-cli"
version = "0.1.0"

[[package]]
name = "gitflux-export"
version = "0.1.0"
dependencies = [
 "gitflux-render",
 "gitflux-scene",
]

[[package]]
name = "gitflux-ingestion"
version = "0.1.0"
dependencies = [
 "gitflux-scene",
]

[[package]]
name = "gitflux-render"
version = "0.1.0"
dependencies = [
 "gitflux-scene",
]

[[package]]
name = "gitflux-scene"
version = "0.1.0"
